
Microsoft Visual Studio Solution File, Format Version 12.00
# Visual Studio Version 16
VisualStudioVersion = 16.0.29926.136
MinimumVisualStudioVersion = 10.0.40219.1
Project("{9A19103F-16F7-4668-BE54-9A1E7A4F7556}") = "Numeripack", "Numeripack\Numeripack.csproj", "{C3018441-3F0C-437F-90F5-E160BB674D9B}"
EndProject
Project("{FAE04EC0-301F-11D3-BF4B-00C04F79EFBC}") = "Numeripack.Tests", "Numeripack.Tests\Numeripack.Tests.csproj", "{2D58139F-A706-4AB1-9676-C55F59069A07}"
EndProject
Global
	GlobalSection(SolutionConfigurationPlatforms) = preSolution
		Debug|Any CPU = Debug|Any CPU
		Release|Any CPU = Release|Any CPU
	EndGlobalSection
	GlobalSection(ProjectConfigurationPlatforms) = postSolution
		{C3018441-3F0C-437F-90F5-E160BB674D9B}.Debug|Any CPU.ActiveCfg = Debug|Any CPU
		{C3018441-3F0C-437F-90F5-E160BB674D9B}.Debug|Any CPU.Build.0 = Debug|Any CPU
		{C3018441-3F0C-437F-90F5-E160BB674D9B}.Release|Any CPU.ActiveCfg = Release|Any CPU
		{C3018441-3F0C-437F-90F5-E160BB674D9B}.Release|Any CPU.Build.0 = Release|Any CPU
		{2D58139F-A706-4AB1-9676-C55F59069A07}.Debug|Any CPU.ActiveCfg = Debug|Any CPU
		{2D58139F-A706-4AB1-9676-C55F59069A07}.Debug|Any CPU.Build.0 = Debug|Any CPU
		{2D58139F-A706-4AB1-9676-C55F59069A07}.Release|Any CPU.ActiveCfg = Release|Any CPU
		{2D58139F-A706-4AB1-9676-C55F59069A07}.Release|Any CPU.Build.0 = Release|Any CPU
	EndGlobalSection
	GlobalSection(SolutionProperties) = preSolution
		HideSolutionNode = FALSE
	EndGlobalSection
	GlobalSection(ExtensibilityGlobals) = postSolution
		SolutionGuid = {912E1FB6-9F11-48F9-9527-AFB8F00161DD}
	EndGlobalSection
EndGlobal
